
Microsoft Visual Studio Solution File, Format Version 12.00
# Visual Studio Version 17
VisualStudioVersion = 17.9.34616.47
MinimumVisualStudioVersion = 10.0.40219.1
Project("{FAE04EC0-301F-11D3-BF4B-00C04F79EFBC}") = "ConexaoBD", "ConexaoBD\ConexaoBD.csproj", "{B2743727-AF63-43C1-B53A-178A765306EE}"
EndProject
Global
	GlobalSection(SolutionConfigurationPlatforms) = preSolution
		Debug|Any CPU = Debug|Any CPU
		Release|Any CPU = Release|Any CPU
	EndGlobalSection
	GlobalSection(ProjectConfigurationPlatforms) = postSolution
		{B2743727-AF63-43C1-B53A-178A765306EE}.Debug|Any CPU.ActiveCfg = Debug|Any CPU
		{B2743727-AF63-43C1-B53A-178A765306EE}.Debug|Any CPU.Build.0 = Debug|Any CPU
		{B2743727-AF63-43C1-B53A-178A765306EE}.Release|Any CPU.ActiveCfg = Release|Any CPU
		{B2743727-AF63-43C1-B53A-178A765306EE}.Release|Any CPU.Build.0 = Release|Any CPU
	EndGlobalSection
	GlobalSection(SolutionProperties) = preSolution
		HideSolutionNode = FALSE
	EndGlobalSection
	GlobalSection(ExtensibilityGlobals) = postSolution
		SolutionGuid = {85CB9419-8F0F-4B4A-B792-D2FEA6E7C1A0}
	EndGlobalSection
EndGlobal
